
Microsoft Visual Studio Solution File, Format Version 12.00
# Visual Studio Version 17
VisualStudioVersion = 17.4.33205.214
MinimumVisualStudioVersion = 10.0.40219.1
Project("{FAE04EC0-301F-11D3-BF4B-00C04F79EFBC}") = "XmlParserTestConsole", "XmlParserTestConsole\XmlParserTestConsole.csproj", "{7466D1D1-E534-42C4-B209-9FF4C09A5966}"
EndProject
Global
	GlobalSection(SolutionConfigurationPlatforms) = preSolution
		Debug|Any CPU = Debug|Any CPU
		Release|Any CPU = Release|Any CPU
	EndGlobalSection
	GlobalSection(ProjectConfigurationPlatforms) = postSolution
		{7466D1D1-E534-42C4-B209-9FF4C09A5966}.Debug|Any CPU.ActiveCfg = Debug|Any CPU
		{7466D1D1-E534-42C4-B209-9FF4C09A5966}.Debug|Any CPU.Build.0 = Debug|Any CPU
		{7466D1D1-E534-42C4-B209-9FF4C09A5966}.Release|Any CPU.ActiveCfg = Release|Any CPU
		{7466D1D1-E534-42C4-B209-9FF4C09A5966}.Release|Any CPU.Build.0 = Release|Any CPU
	EndGlobalSection
	GlobalSection(SolutionProperties) = preSolution
		HideSolutionNode = FALSE
	EndGlobalSection
	GlobalSection(ExtensibilityGlobals) = postSolution
		SolutionGuid = {44010FFD-033A-4588-8608-4C8EFD353829}
	EndGlobalSection
EndGlobal
